<?xml version="1.0" encoding="utf-8"?>
<Project ToolsVersion="4.0" xmlns="http://schemas.microsoft.com/developer/msbuild/2003">
  <ItemGroup>
    <Filter Include="Source Files">
      <UniqueIdentifier>{9C601A40-6020-4634-9D92-4AFD58D492FC}</UniqueIdentifier>
      <Extensions>cpp;c;cc;cxx;def;odl;idl;hpj;bat;asm;asmx</Extensions>
    </Filter>
    <Filter Include="Header Files">
      <UniqueIdentifier>{5D21DB32-594C-4C88-B665-DA8B931EBF0C}</UniqueIdentifier>
      <Extensions>h;hh;hpp;hxx;hm;inl;inc;ipp;xsd</Extensions>
    </Filter>
    <Filter Include="Internal Files">
      <UniqueIdentifier>{55222D56-9B1A-4156-A3ED-A630B2EC44F3}</UniqueIdentifier>
    </Filter>
  </ItemGroup>
  <ItemGroup>
    <ClInclude Include="..\..\absl\profiling\hashtable.h">
      <Filter>Header Files</Filter>
    </ClInclude>
  </ItemGroup>
  <ItemGroup>
    <ClInclude Include="..\..\absl\profiling\internal\exponential_biased.h">
      <Filter>Internal Files</Filter>
    </ClInclude>
    <ClInclude Include="..\..\absl\profiling\internal\periodic_sampler.h">
      <Filter>Internal Files</Filter>
    </ClInclude>
    <ClInclude Include="..\..\absl\profiling\internal\profile_builder.h">
      <Filter>Internal Files</Filter>
    </ClInclude>
    <ClInclude Include="..\..\absl\profiling\internal\sample_recorder.h">
      <Filter>Internal Files</Filter>
    </ClInclude>
    <ClCompile Include="..\..\absl\profiling\internal\exponential_biased.cc">
      <Filter>Internal Files</Filter>
    </ClCompile>
    <ClCompile Include="..\..\absl\profiling\internal\periodic_sampler.cc">
      <Filter>Internal Files</Filter>
    </ClCompile>
    <ClCompile Include="..\..\absl\profiling\internal\profile_builder.cc">
      <Filter>Internal Files</Filter>
    </ClCompile>
  </ItemGroup>
  <ItemGroup>
    <ClCompile Include="..\..\absl\profiling\hashtable.cc">
      <Filter>Source Files</Filter>
    </ClCompile>
  </ItemGroup>
</Project>