<?xml version="1.0" encoding="utf-8"?>
<Project ToolsVersion="4.0" xmlns="http://schemas.microsoft.com/developer/msbuild/2003">
  <ItemGroup>
    <Filter Include="Source Files">
      <UniqueIdentifier>{4FC737F1-C7A5-4376-A066-2A32D752A2FF}</UniqueIdentifier>
      <Extensions>cpp;c;cc;cxx;def;odl;idl;hpj;bat;asm;asmx</Extensions>
    </Filter>
    <Filter Include="Header Files">
      <UniqueIdentifier>{93995380-89BD-4b04-88EB-625FBE52EBFB}</UniqueIdentifier>
      <Extensions>h;hh;hpp;hxx;hm;inl;inc;ipp;xsd</Extensions>
    </Filter>
    <Filter Include="Internal Files">
      <UniqueIdentifier>{9e62a0f7-bc33-4fff-a53c-11334cef46a9}</UniqueIdentifier>
    </Filter>
  </ItemGroup>
  <ItemGroup>
    <ClInclude Include="..\..\absl\status\status.h">
       <Filter>Header Files</Filter>
    </ClInclude>
    <ClInclude Include="..\..\absl\status\statusor.h">
       <Filter>Header Files</Filter>
    </ClInclude>
    <ClInclude Include="..\..\absl\status\status_payload_printer.h">
       <Filter>Header Files</Filter>
    </ClInclude>
  </ItemGroup>
  <ItemGroup>
    <ClInclude Include="..\..\absl\status\internal\statusor_internal.h">
       <Filter>Internal Files</Filter>
    </ClInclude>
    <ClInclude Include="..\..\absl\status\internal\status_internal.h">
       <Filter>Internal Files</Filter>
    </ClInclude>
  </ItemGroup>
  <ItemGroup>
    <ClInclude Include="..\..\absl\status\status.cc">
       <Filter>Source Files</Filter>
    </ClInclude>
    <ClInclude Include="..\..\absl\status\statusor.cc">
       <Filter>Source Files</Filter>
    </ClInclude>
    <ClInclude Include="..\..\absl\status\status_payload_printer.cc">
       <Filter>Source Files</Filter>
    </ClInclude>
  </ItemGroup>
</Project>