<?xml version="1.0" encoding="utf-8"?>
<Project ToolsVersion="4.0" xmlns="http://schemas.microsoft.com/developer/msbuild/2003">
  <ItemGroup>
    <Filter Include="Source Files">
      <UniqueIdentifier>{4FC737F1-C7A5-4376-A066-2A32D752A2FF}</UniqueIdentifier>
      <Extensions>cpp;c;cc;cxx;def;odl;idl;hpj;bat;asm;asmx</Extensions>
    </Filter>
    <Filter Include="Header Files">
      <UniqueIdentifier>{93995380-89BD-4b04-88EB-625FBE52EBFB}</UniqueIdentifier>
      <Extensions>h;hh;hpp;hxx;hm;inl;inc;ipp;xsd</Extensions>
    </Filter>
  </ItemGroup>
  <ItemGroup>
  </ItemGroup>

  <ItemGroup>
  </ItemGroup>

  <ItemGroup>
    <ClCompile Include="..\..\absl\base\internal\spinlock_benchmark.cc">
      <Filter>Source Files</Filter>
    </ClCompile>
    <ClCompile Include="..\..\absl\base\internal\strerror_benchmark.cc">
      <Filter>Source Files</Filter>
    </ClCompile>
    <ClCompile Include="..\..\absl\base\internal\thread_identity_benchmark.cc">
      <Filter>Source Files</Filter>
    </ClCompile>
    <ClCompile Include="..\..\absl\base\no_destructor_benchmark.cc">
      <Filter>Source Files</Filter>
    </ClCompile>
  </ItemGroup>

  <ItemGroup>
  </ItemGroup>

  <ItemGroup>
    <ClCompile Include="..\..\absl\container\internal\layout_benchmark.cc">
      <Filter>Source Files</Filter>
    </ClCompile>
    <ClCompile Include="..\..\absl\container\internal\raw_hash_set_benchmark.cc">
      <Filter>Source Files</Filter>
    </ClCompile>
    <ClCompile Include="..\..\absl\container\internal\raw_hash_set_probe_benchmark.cc">
      <Filter>Source Files</Filter>
    </ClCompile>
    <ClCompile Include="..\..\absl\container\btree_benchmark.cc">
      <Filter>Source Files</Filter>
    </ClCompile>
    <ClCompile Include="..\..\absl\container\chunked_queue_benchmark.cc">
      <Filter>Source Files</Filter>
    </ClCompile>
    <ClCompile Include="..\..\absl\container\fixed_array_benchmark.cc">
      <Filter>Source Files</Filter>
    </ClCompile>
    <ClCompile Include="..\..\absl\container\inlined_vector_benchmark.cc">
      <Filter>Source Files</Filter>
    </ClCompile>
    <ClCompile Include="..\..\absl\container\linked_hash_map_benchmark.cc">
      <Filter>Source Files</Filter>
    </ClCompile>
    <ClCompile Include="..\..\absl\container\linked_hash_set_benchmark.cc">
      <Filter>Source Files</Filter>
    </ClCompile>
  </ItemGroup>

  <ItemGroup>
  </ItemGroup>

  <ItemGroup>
    <ClCompile Include="..\..\absl\crc\crc32c_benchmark.cc">
      <Filter>Source Files</Filter>
    </ClCompile>
  </ItemGroup>

  <ItemGroup>
    <ClCompile Include="..\..\absl\debugging\stacktrace_benchmark.cc">
      <Filter>Source Files</Filter>
    </ClCompile>
  </ItemGroup>

  <ItemGroup>
    <ClCompile Include="..\..\absl\flags\flag_benchmark.cc">
      <Filter>Source Files</Filter>
    </ClCompile>
  </ItemGroup>

  <ItemGroup>
    <ClCompile Include="..\..\absl\functional\function_type_benchmark.cc">
      <Filter>Source Files</Filter>
    </ClCompile>
  </ItemGroup>

  <ItemGroup>
    <ClCompile Include="..\..\absl\hash\hash_benchmark.cc">
      <Filter>Source Files</Filter>
    </ClCompile>
  </ItemGroup>

  <ItemGroup>
    <ClCompile Include="..\..\absl\log\internal\fnmatch_benchmark.cc">
      <Filter>Source Files</Filter>
    </ClCompile>
    <ClCompile Include="..\..\absl\log\internal\vlog_config_benchmark.cc">
      <Filter>Source Files</Filter>
    </ClCompile>
    <ClCompile Include="..\..\absl\log\log_benchmark.cc">
      <Filter>Source Files</Filter>
    </ClCompile>
  </ItemGroup>

  <ItemGroup>
  </ItemGroup>

  <ItemGroup>
  </ItemGroup>

  <ItemGroup>
    <ClCompile Include="..\..\absl\numeric\bits_benchmark.cc">
      <Filter>Source Files</Filter>
    </ClCompile>
    <ClCompile Include="..\..\absl\numeric\int128_benchmark.cc">
      <Filter>Source Files</Filter>
    </ClCompile>
  </ItemGroup>

  <ItemGroup>
    <ClCompile Include="..\..\absl\profiling\internal\periodic_sampler_benchmark.cc">
      <Filter>Source Files</Filter>
    </ClCompile>
  </ItemGroup>

  <ItemGroup>
    <ClCompile Include="..\..\absl\random\internal\randen_benchmarks.cc">
      <Filter>Source Files</Filter>
    </ClCompile>
    <ClCompile Include="..\..\absl\random\benchmarks.cc">
      <Filter>Source Files</Filter>
    </ClCompile>
  </ItemGroup>

  <ItemGroup>
    <ClCompile Include="..\..\absl\status\status_benchmark.cc">
      <Filter>Source Files</Filter>
    </ClCompile>
    <ClCompile Include="..\..\absl\status\statusor_benchmark.cc">
      <Filter>Source Files</Filter>
    </ClCompile>
  </ItemGroup>

  <ItemGroup>
    <ClCompile Include="..\..\absl\strings\internal\damerau_levenshtein_distance_benchmark.cc">
      <Filter>Source Files</Filter>
    </ClCompile>
    <ClCompile Include="..\..\absl\strings\internal\memutil_benchmark.cc">
      <Filter>Source Files</Filter>
    </ClCompile>
    <ClCompile Include="..\..\absl\strings\internal\ostringstream_benchmark.cc">
      <Filter>Source Files</Filter>
    </ClCompile>
    <ClCompile Include="..\..\absl\strings\ascii_benchmark.cc">
      <Filter>Source Files</Filter>
    </ClCompile>
    <ClCompile Include="..\..\absl\strings\charconv_benchmark.cc">
      <Filter>Source Files</Filter>
    </ClCompile>
    <ClCompile Include="..\..\absl\strings\charset_benchmark.cc">
      <Filter>Source Files</Filter>
    </ClCompile>
    <ClCompile Include="..\..\absl\strings\escaping_benchmark.cc">
      <Filter>Source Files</Filter>
    </ClCompile>
    <ClCompile Include="..\..\absl\strings\numbers_benchmark.cc">
      <Filter>Source Files</Filter>
    </ClCompile>
    <ClCompile Include="..\..\absl\strings\str_cat_benchmark.cc">
      <Filter>Source Files</Filter>
    </ClCompile>
    <ClCompile Include="..\..\absl\strings\str_join_benchmark.cc">
      <Filter>Source Files</Filter>
    </ClCompile>
    <ClCompile Include="..\..\absl\strings\str_replace_benchmark.cc">
      <Filter>Source Files</Filter>
    </ClCompile>
    <ClCompile Include="..\..\absl\strings\str_split_benchmark.cc">
      <Filter>Source Files</Filter>
    </ClCompile>
    <ClCompile Include="..\..\absl\strings\substitute_benchmark.cc">
      <Filter>Source Files</Filter>
    </ClCompile>
  </ItemGroup>

  <ItemGroup>
    <ClCompile Include="..\..\absl\synchronization\internal\graphcycles_benchmark.cc">
      <Filter>Source Files</Filter>
    </ClCompile>
    <ClCompile Include="..\..\absl\synchronization\blocking_counter_benchmark.cc">
      <Filter>Source Files</Filter>
    </ClCompile>
    <ClCompile Include="..\..\absl\synchronization\mutex_benchmark.cc">
      <Filter>Source Files</Filter>
    </ClCompile>
  </ItemGroup>

  <ItemGroup>
    <ClCompile Include="..\..\absl\time\internal\cctz\src\cctz_benchmark.cc">
      <Filter>Source Files</Filter>
    </ClCompile>
    <ClCompile Include="..\..\absl\time\civil_time_benchmark.cc">
      <Filter>Source Files</Filter>
    </ClCompile>
    <ClCompile Include="..\..\absl\time\clock_benchmark.cc">
      <Filter>Source Files</Filter>
    </ClCompile>
    <ClCompile Include="..\..\absl\time\duration_benchmark.cc">
      <Filter>Source Files</Filter>
    </ClCompile>
    <ClCompile Include="..\..\absl\time\format_benchmark.cc">
      <Filter>Source Files</Filter>
    </ClCompile>
    <ClCompile Include="..\..\absl\time\time_benchmark.cc">
      <Filter>Source Files</Filter>
    </ClCompile>
  </ItemGroup>

  <ItemGroup>
    <ClCompile Include="..\..\absl\types\any_span_benchmark.cc">
      <Filter>Source Files</Filter>
    </ClCompile>
  </ItemGroup>

  <ItemGroup>
  </ItemGroup>

</Project>