<?xml version="1.0" encoding="utf-8"?>
<Project ToolsVersion="4.0" xmlns="http://schemas.microsoft.com/developer/msbuild/2003">
  <ItemGroup>
    <Filter Include="Source Files">
      <UniqueIdentifier>{4FC737F1-C7A5-4376-A066-2A32D752A2FF}</UniqueIdentifier>
      <Extensions>cpp;c;cc;cxx;def;odl;idl;hpj;bat;asm;asmx</Extensions>
    </Filter>
    <Filter Include="Header Files">
      <UniqueIdentifier>{93995380-89BD-4b04-88EB-625FBE52EBFB}</UniqueIdentifier>
      <Extensions>h;hh;hpp;hxx;hm;inl;inc;ipp;xsd</Extensions>
    </Filter>
    <Filter Include="Resource Files">
      <UniqueIdentifier>{67DA6AB6-F800-4c08-8B7A-83BB121AAD01}</UniqueIdentifier>
      <Extensions>rc;ico;cur;bmp;dlg;rc2;rct;bin;rgs;gif;jpg;jpeg;jpe;resx;tiff;tif;png;wav;mfcribbon-ms</Extensions>
    </Filter>
    <Filter Include="Internal Files">
      <UniqueIdentifier>{00d90f7c-b202-4265-a9ca-3d470ba2f2cc}</UniqueIdentifier>
    </Filter>
  </ItemGroup>
  <ItemGroup>
    <ClInclude Include="..\..\absl\base\attributes.h">
       <Filter>Header Files</Filter>
    </ClInclude>
    <ClInclude Include="..\..\absl\base\call_once.h">
       <Filter>Header Files</Filter>
    </ClInclude>
    <ClInclude Include="..\..\absl\base\casts.h">
       <Filter>Header Files</Filter>
    </ClInclude>
    <ClInclude Include="..\..\absl\base\config.h">
       <Filter>Header Files</Filter>
    </ClInclude>
    <ClInclude Include="..\..\absl\base\const_init.h">
       <Filter>Header Files</Filter>
    </ClInclude>
    <ClInclude Include="..\..\absl\base\dynamic_annotations.h">
       <Filter>Header Files</Filter>
    </ClInclude>
    <ClInclude Include="..\..\absl\base\log_severity.h">
       <Filter>Header Files</Filter>
    </ClInclude>
    <ClInclude Include="..\..\absl\base\macros.h">
       <Filter>Header Files</Filter>
    </ClInclude>
    <ClInclude Include="..\..\absl\base\optimization.h">
       <Filter>Header Files</Filter>
    </ClInclude>
    <ClInclude Include="..\..\absl\base\options.h">
       <Filter>Header Files</Filter>
    </ClInclude>
    <ClInclude Include="..\..\absl\base\policy_checks.h">
       <Filter>Header Files</Filter>
    </ClInclude>
    <ClInclude Include="..\..\absl\base\port.h">
       <Filter>Header Files</Filter>
    </ClInclude>
    <ClInclude Include="..\..\absl\base\thread_annotations.h">
       <Filter>Header Files</Filter>
    </ClInclude>
  </ItemGroup>
  <ItemGroup>
    <ClInclude Include="..\..\absl\base\internal\atomic_hook.h">
       <Filter>Internal Files</Filter>
    </ClInclude>
    <ClInclude Include="..\..\absl\base\internal\cycleclock.h">
       <Filter>Internal Files</Filter>
    </ClInclude>
    <ClInclude Include="..\..\absl\base\internal\direct_mmap.h">
       <Filter>Internal Files</Filter>
    </ClInclude>
    <ClInclude Include="..\..\absl\base\internal\dynamic_annotations.h">
       <Filter>Internal Files</Filter>
    </ClInclude>
    <ClInclude Include="..\..\absl\base\internal\endian.h">
       <Filter>Internal Files</Filter>
    </ClInclude>
    <ClInclude Include="..\..\absl\base\internal\errno_saver.h">
       <Filter>Internal Files</Filter>
    </ClInclude>
    <ClInclude Include="..\..\absl\base\internal\exponential_biased.h">
       <Filter>Internal Files</Filter>
    </ClInclude>
    <ClInclude Include="..\..\absl\base\internal\fast_type_id.h">
       <Filter>Internal Files</Filter>
    </ClInclude>
    <ClInclude Include="..\..\absl\base\internal\hide_ptr.h">
       <Filter>Internal Files</Filter>
    </ClInclude>
    <ClInclude Include="..\..\absl\base\internal\identity.h">
       <Filter>Internal Files</Filter>
    </ClInclude>
    <ClInclude Include="..\..\absl\base\internal\inline_variable.h">
       <Filter>Internal Files</Filter>
    </ClInclude>
    <ClInclude Include="..\..\absl\base\internal\invoke.h">
       <Filter>Internal Files</Filter>
    </ClInclude>
    <ClInclude Include="..\..\absl\base\internal\low_level_alloc.h">
       <Filter>Internal Files</Filter>
    </ClInclude>
    <ClInclude Include="..\..\absl\base\internal\low_level_scheduling.h">
       <Filter>Internal Files</Filter>
    </ClInclude>
    <ClInclude Include="..\..\absl\base\internal\periodic_sampler.h">
       <Filter>Internal Files</Filter>
    </ClInclude>
    <ClInclude Include="..\..\absl\base\internal\per_thread_tls.h">
       <Filter>Internal Files</Filter>
    </ClInclude>
    <ClInclude Include="..\..\absl\base\internal\pretty_function.h">
       <Filter>Internal Files</Filter>
    </ClInclude>
    <ClInclude Include="..\..\absl\base\internal\raw_logging.h">
       <Filter>Internal Files</Filter>
    </ClInclude>
    <ClInclude Include="..\..\absl\base\internal\scheduling_mode.h">
       <Filter>Internal Files</Filter>
    </ClInclude>
    <ClInclude Include="..\..\absl\base\internal\scoped_set_env.h">
       <Filter>Internal Files</Filter>
    </ClInclude>
    <ClInclude Include="..\..\absl\base\internal\spinlock.h">
       <Filter>Internal Files</Filter>
    </ClInclude>
    <ClInclude Include="..\..\absl\base\internal\spinlock_wait.h">
       <Filter>Internal Files</Filter>
    </ClInclude>
    <ClInclude Include="..\..\absl\base\internal\strerror.h">
       <Filter>Internal Files</Filter>
    </ClInclude>
    <ClInclude Include="..\..\absl\base\internal\sysinfo.h">
       <Filter>Internal Files</Filter>
    </ClInclude>
    <ClInclude Include="..\..\absl\base\internal\thread_annotations.h">
       <Filter>Internal Files</Filter>
    </ClInclude>
    <ClInclude Include="..\..\absl\base\internal\thread_identity.h">
       <Filter>Internal Files</Filter>
    </ClInclude>
    <ClInclude Include="..\..\absl\base\internal\throw_delegate.h">
       <Filter>Internal Files</Filter>
    </ClInclude>
    <ClInclude Include="..\..\absl\base\internal\tsan_mutex_interface.h">
       <Filter>Internal Files</Filter>
    </ClInclude>
    <ClInclude Include="..\..\absl\base\internal\unaligned_access.h">
       <Filter>Internal Files</Filter>
    </ClInclude>
    <ClInclude Include="..\..\absl\base\internal\unscaledcycleclock.h">
       <Filter>Internal Files</Filter>
    </ClInclude>
    <ClInclude Include="..\..\absl\base\internal\cycleclock.cc">
       <Filter>Internal Files</Filter>
    </ClInclude>
    <ClInclude Include="..\..\absl\base\internal\exponential_biased.cc">
       <Filter>Internal Files</Filter>
    </ClInclude>
    <ClInclude Include="..\..\absl\base\internal\low_level_alloc.cc">
       <Filter>Internal Files</Filter>
    </ClInclude>
    <ClInclude Include="..\..\absl\base\internal\periodic_sampler.cc">
       <Filter>Internal Files</Filter>
    </ClInclude>
    <ClInclude Include="..\..\absl\base\internal\raw_logging.cc">
       <Filter>Internal Files</Filter>
    </ClInclude>
    <ClInclude Include="..\..\absl\base\internal\scoped_set_env.cc">
       <Filter>Internal Files</Filter>
    </ClInclude>
    <ClInclude Include="..\..\absl\base\internal\spinlock.cc">
       <Filter>Internal Files</Filter>
    </ClInclude>
    <ClInclude Include="..\..\absl\base\internal\spinlock_wait.cc">
       <Filter>Internal Files</Filter>
    </ClInclude>
    <ClInclude Include="..\..\absl\base\internal\strerror.cc">
       <Filter>Internal Files</Filter>
    </ClInclude>
    <ClInclude Include="..\..\absl\base\internal\sysinfo.cc">
       <Filter>Internal Files</Filter>
    </ClInclude>
    <ClInclude Include="..\..\absl\base\internal\thread_identity.cc">
       <Filter>Internal Files</Filter>
    </ClInclude>
    <ClInclude Include="..\..\absl\base\internal\throw_delegate.cc">
       <Filter>Internal Files</Filter>
    </ClInclude>
    <ClInclude Include="..\..\absl\base\internal\unscaledcycleclock.cc">
       <Filter>Internal Files</Filter>
    </ClInclude>
  </ItemGroup>
  <ItemGroup>
    <ClInclude Include="..\..\absl\base\log_severity.cc">
       <Filter>Source Files</Filter>
    </ClInclude>
  </ItemGroup>
</Project>